PODS:
  - Kiwi (2.3.1)
  - TransitionKit (2.2.2)

DEPENDENCIES:
  - Kiwi (~> 2.3.0)
  - TransitionKit (from `.`)

EXTERNAL SOURCES:
  TransitionKit:
    :path: "."

SPEC CHECKSUMS:
  Kiwi: f038a6c61f7a9e4d7766bff5717aa3b3fdb75f55
  TransitionKit: 3b5cc50528284f0b9775e74baf00cc2cbf7c1565

COCOAPODS: 0.39.0
